
Microsoft Visual Studio Solution File, Format Version 12.00
# Visual Studio 2012
Project("{FAE04EC0-301F-11D3-BF4B-00C04F79EFBC}") = "MvcMovies", "MvcMovies\MvcMovies.csproj", "{F114CD19-65D1-4357-B12C-C7E42578FCB2}"
EndProject
Global
	GlobalSection(SolutionConfigurationPlatforms) = preSolution
		Debug|Any CPU = Debug|Any CPU
		Release|Any CPU = Release|Any CPU
	EndGlobalSection
	GlobalSection(ProjectConfigurationPlatforms) = postSolution
		{F114CD19-65D1-4357-B12C-C7E42578FCB2}.Debug|Any CPU.ActiveCfg = Debug|Any CPU
		{F114CD19-65D1-4357-B12C-C7E42578FCB2}.Debug|Any CPU.Build.0 = Debug|Any CPU
		{F114CD19-65D1-4357-B12C-C7E42578FCB2}.Release|Any CPU.ActiveCfg = Release|Any CPU
		{F114CD19-65D1-4357-B12C-C7E42578FCB2}.Release|Any CPU.Build.0 = Release|Any CPU
	EndGlobalSection
	GlobalSection(SolutionProperties) = preSolution
		HideSolutionNode = FALSE
	EndGlobalSection
EndGlobal
