
Microsoft Visual Studio Solution File, Format Version 12.00
# Visual Studio 2012
Project("{2150E333-8FDC-42A3-9474-1A3956D46DE8}") = "AccessData", "AccessData", "{AD475606-6310-4D3B-AD04-43C47DD7DFE7}"
EndProject
Project("{2150E333-8FDC-42A3-9474-1A3956D46DE8}") = "NewFolder1", "NewFolder1", "{E83A092A-68A9-46D6-8E3D-C8B2867C2D43}"
EndProject
Project("{2150E333-8FDC-42A3-9474-1A3956D46DE8}") = "NewFolder2", "NewFolder2", "{9D01767A-CCA1-4E9B-9335-4CD0C528F9B8}"
EndProject
Project("{FAE04EC0-301F-11D3-BF4B-00C04F79EFBC}") = "DataAccesDll", "DataAccesDll\DataAccesDll.csproj", "{299A995B-997C-44E5-8092-D0E080BF7C59}"
EndProject
Global
	GlobalSection(SolutionConfigurationPlatforms) = preSolution
		Debug|Any CPU = Debug|Any CPU
		Release|Any CPU = Release|Any CPU
	EndGlobalSection
	GlobalSection(ProjectConfigurationPlatforms) = postSolution
		{299A995B-997C-44E5-8092-D0E080BF7C59}.Debug|Any CPU.ActiveCfg = Debug|Any CPU
		{299A995B-997C-44E5-8092-D0E080BF7C59}.Debug|Any CPU.Build.0 = Debug|Any CPU
		{299A995B-997C-44E5-8092-D0E080BF7C59}.Release|Any CPU.ActiveCfg = Release|Any CPU
		{299A995B-997C-44E5-8092-D0E080BF7C59}.Release|Any CPU.Build.0 = Release|Any CPU
	EndGlobalSection
	GlobalSection(SolutionProperties) = preSolution
		HideSolutionNode = FALSE
	EndGlobalSection
	GlobalSection(NestedProjects) = preSolution
		{299A995B-997C-44E5-8092-D0E080BF7C59} = {AD475606-6310-4D3B-AD04-43C47DD7DFE7}
	EndGlobalSection
EndGlobal
